
Microsoft Visual Studio Solution File, Format Version 12.00
# Visual Studio 15
VisualStudioVersion = 15.0.26124.0
MinimumVisualStudioVersion = 15.0.26124.0
Project("{FAE04EC0-301F-11D3-BF4B-00C04F79EFBC}") = "Domain", "Domain\Domain.csproj", "{1E7CE1F5-3A29-44E3-AB8A-FFF61B26764D}"
EndProject
Project("{FAE04EC0-301F-11D3-BF4B-00C04F79EFBC}") = "Application", "Application\Application.csproj", "{065F5835-E5CC-47DB-9F24-88F13B34C68A}"
EndProject
Project("{FAE04EC0-301F-11D3-BF4B-00C04F79EFBC}") = "Persistence", "Persistence\Persistence.csproj", "{9110FC63-2CAB-4595-B6C4-6D0C37226997}"
EndProject
Project("{FAE04EC0-301F-11D3-BF4B-00C04F79EFBC}") = "API", "API\API.csproj", "{9D30EDEC-DFC5-42C3-A9A7-2CCE980DFCAB}"
EndProject
Global
	GlobalSection(SolutionConfigurationPlatforms) = preSolution
		Debug|Any CPU = Debug|Any CPU
		Debug|x64 = Debug|x64
		Debug|x86 = Debug|x86
		Release|Any CPU = Release|Any CPU
		Release|x64 = Release|x64
		Release|x86 = Release|x86
	EndGlobalSection
	GlobalSection(SolutionProperties) = preSolution
		HideSolutionNode = FALSE
	EndGlobalSection
	GlobalSection(ProjectConfigurationPlatforms) = postSolution
		{1E7CE1F5-3A29-44E3-AB8A-FFF61B26764D}.Debug|Any CPU.ActiveCfg = Debug|Any CPU
		{1E7CE1F5-3A29-44E3-AB8A-FFF61B26764D}.Debug|Any CPU.Build.0 = Debug|Any CPU
		{1E7CE1F5-3A29-44E3-AB8A-FFF61B26764D}.Debug|x64.ActiveCfg = Debug|Any CPU
		{1E7CE1F5-3A29-44E3-AB8A-FFF61B26764D}.Debug|x64.Build.0 = Debug|Any CPU
		{1E7CE1F5-3A29-44E3-AB8A-FFF61B26764D}.Debug|x86.ActiveCfg = Debug|Any CPU
		{1E7CE1F5-3A29-44E3-AB8A-FFF61B26764D}.Debug|x86.Build.0 = Debug|Any CPU
		{1E7CE1F5-3A29-44E3-AB8A-FFF61B26764D}.Release|Any CPU.ActiveCfg = Release|Any CPU
		{1E7CE1F5-3A29-44E3-AB8A-FFF61B26764D}.Release|Any CPU.Build.0 = Release|Any CPU
		{1E7CE1F5-3A29-44E3-AB8A-FFF61B26764D}.Release|x64.ActiveCfg = Release|Any CPU
		{1E7CE1F5-3A29-44E3-AB8A-FFF61B26764D}.Release|x64.Build.0 = Release|Any CPU
		{1E7CE1F5-3A29-44E3-AB8A-FFF61B26764D}.Release|x86.ActiveCfg = Release|Any CPU
		{1E7CE1F5-3A29-44E3-AB8A-FFF61B26764D}.Release|x86.Build.0 = Release|Any CPU
		{065F5835-E5CC-47DB-9F24-88F13B34C68A}.Debug|Any CPU.ActiveCfg = Debug|Any CPU
		{065F5835-E5CC-47DB-9F24-88F13B34C68A}.Debug|Any CPU.Build.0 = Debug|Any CPU
		{065F5835-E5CC-47DB-9F24-88F13B34C68A}.Debug|x64.ActiveCfg = Debug|Any CPU
		{065F5835-E5CC-47DB-9F24-88F13B34C68A}.Debug|x64.Build.0 = Debug|Any CPU
		{065F5835-E5CC-47DB-9F24-88F13B34C68A}.Debug|x86.ActiveCfg = Debug|Any CPU
		{065F5835-E5CC-47DB-9F24-88F13B34C68A}.Debug|x86.Build.0 = Debug|Any CPU
		{065F5835-E5CC-47DB-9F24-88F13B34C68A}.Release|Any CPU.ActiveCfg = Release|Any CPU
		{065F5835-E5CC-47DB-9F24-88F13B34C68A}.Release|Any CPU.Build.0 = Release|Any CPU
		{065F5835-E5CC-47DB-9F24-88F13B34C68A}.Release|x64.ActiveCfg = Release|Any CPU
		{065F5835-E5CC-47DB-9F24-88F13B34C68A}.Release|x64.Build.0 = Release|Any CPU
		{065F5835-E5CC-47DB-9F24-88F13B34C68A}.Release|x86.ActiveCfg = Release|Any CPU
		{065F5835-E5CC-47DB-9F24-88F13B34C68A}.Release|x86.Build.0 = Release|Any CPU
		{9110FC63-2CAB-4595-B6C4-6D0C37226997}.Debug|Any CPU.ActiveCfg = Debug|Any CPU
		{9110FC63-2CAB-4595-B6C4-6D0C37226997}.Debug|Any CPU.Build.0 = Debug|Any CPU
		{9110FC63-2CAB-4595-B6C4-6D0C37226997}.Debug|x64.ActiveCfg = Debug|Any CPU
		{9110FC63-2CAB-4595-B6C4-6D0C37226997}.Debug|x64.Build.0 = Debug|Any CPU
		{9110FC63-2CAB-4595-B6C4-6D0C37226997}.Debug|x86.ActiveCfg = Debug|Any CPU
		{9110FC63-2CAB-4595-B6C4-6D0C37226997}.Debug|x86.Build.0 = Debug|Any CPU
		{9110FC63-2CAB-4595-B6C4-6D0C37226997}.Release|Any CPU.ActiveCfg = Release|Any CPU
		{9110FC63-2CAB-4595-B6C4-6D0C37226997}.Release|Any CPU.Build.0 = Release|Any CPU
		{9110FC63-2CAB-4595-B6C4-6D0C37226997}.Release|x64.ActiveCfg = Release|Any CPU
		{9110FC63-2CAB-4595-B6C4-6D0C37226997}.Release|x64.Build.0 = Release|Any CPU
		{9110FC63-2CAB-4595-B6C4-6D0C37226997}.Release|x86.ActiveCfg = Release|Any CPU
		{9110FC63-2CAB-4595-B6C4-6D0C37226997}.Release|x86.Build.0 = Release|Any CPU
		{9D30EDEC-DFC5-42C3-A9A7-2CCE980DFCAB}.Debug|Any CPU.ActiveCfg = Debug|Any CPU
		{9D30EDEC-DFC5-42C3-A9A7-2CCE980DFCAB}.Debug|Any CPU.Build.0 = Debug|Any CPU
		{9D30EDEC-DFC5-42C3-A9A7-2CCE980DFCAB}.Debug|x64.ActiveCfg = Debug|Any CPU
		{9D30EDEC-DFC5-42C3-A9A7-2CCE980DFCAB}.Debug|x64.Build.0 = Debug|Any CPU
		{9D30EDEC-DFC5-42C3-A9A7-2CCE980DFCAB}.Debug|x86.ActiveCfg = Debug|Any CPU
		{9D30EDEC-DFC5-42C3-A9A7-2CCE980DFCAB}.Debug|x86.Build.0 = Debug|Any CPU
		{9D30EDEC-DFC5-42C3-A9A7-2CCE980DFCAB}.Release|Any CPU.ActiveCfg = Release|Any CPU
		{9D30EDEC-DFC5-42C3-A9A7-2CCE980DFCAB}.Release|Any CPU.Build.0 = Release|Any CPU
		{9D30EDEC-DFC5-42C3-A9A7-2CCE980DFCAB}.Release|x64.ActiveCfg = Release|Any CPU
		{9D30EDEC-DFC5-42C3-A9A7-2CCE980DFCAB}.Release|x64.Build.0 = Release|Any CPU
		{9D30EDEC-DFC5-42C3-A9A7-2CCE980DFCAB}.Release|x86.ActiveCfg = Release|Any CPU
		{9D30EDEC-DFC5-42C3-A9A7-2CCE980DFCAB}.Release|x86.Build.0 = Release|Any CPU
	EndGlobalSection
EndGlobal
